// !$*UTF8*$!
{
	archiveVersion = 1;
	classes = {
	};
	objectVersion = 50;
	objects = {

/* Begin PBXBuildFile section */
		7654612F215DA9F1007A6F0C /* AppDelegate.swift in Sources */ = {isa = PBXBuildFile; fileRef = 7654612E215DA9F1007A6F0C /* AppDelegate.swift */; };
		76546131215DA9F1007A6F0C /* News.swift in Sources */ = {isa = PBXBuildFile; fileRef = 76546130215DA9F1007A6F0C /* News.swift */; };
		76546134215DA9F1007A6F0C /* Main.storyboard in Resources */ = {isa = PBXBuildFile; fileRef = 76546132215DA9F1007A6F0C /* Main.storyboard */; };
		76546136215DA9F3007A6F0C /* Assets.xcassets in Resources */ = {isa = PBXBuildFile; fileRef = 76546135215DA9F3007A6F0C /* Assets.xcassets */; };
		76546139215DA9F3007A6F0C /* LaunchScreen.storyboard in Resources */ = {isa = PBXBuildFile; fileRef = 76546137215DA9F3007A6F0C /* LaunchScreen.storyboard */; };
		76546144215DA9F3007A6F0C /* HNTests.swift in Sources */ = {isa = PBXBuildFile; fileRef = 76546143215DA9F3007A6F0C /* HNTests.swift */; };
		76546152215DAB3B007A6F0C /* NewsViewModel.swift in Sources */ = {isa = PBXBuildFile; fileRef = 76546151215DAB3B007A6F0C /* NewsViewModel.swift */; };
/* End PBXBuildFile section */

/* Begin PBXContainerItemProxy section */
		76546140215DA9F3007A6F0C /* PBXContainerItemProxy */ = {
			isa = PBXContainerItemProxy;
			containerPortal = 76546123215DA9F1007A6F0C /* Project object */;
			proxyType = 1;
			remoteGlobalIDString = 7654612A215DA9F1007A6F0C;
			remoteInfo = HN;
		};
/* End PBXContainerItemProxy section */

/* Begin PBXFileReference section */
		7654612B215DA9F1007A6F0C /* HN.app */ = {isa = PBXFileReference; explicitFileType = wrapper.application; includeInIndex = 0; path = HN.app; sourceTree = BUILT_PRODUCTS_DIR; };
		7654612E215DA9F1007A6F0C /* AppDelegate.swift */ = {isa = PBXFileReference; lastKnownFileType = sourcecode.swift; path = AppDelegate.swift; sourceTree = "<group>"; };
		76546130215DA9F1007A6F0C /* News.swift */ = {isa = PBXFileReference; lastKnownFileType = sourcecode.swift; path = News.swift; sourceTree = "<group>"; };
		76546133215DA9F1007A6F0C /* Base */ = {isa = PBXFileReference; lastKnownFileType = file.storyboard; name = Base; path = Base.lproj/Main.storyboard; sourceTree = "<group>"; };
		76546135215DA9F3007A6F0C /* Assets.xcassets */ = {isa = PBXFileReference; lastKnownFileType = folder.assetcatalog; path = Assets.xcassets; sourceTree = "<group>"; };
		76546138215DA9F3007A6F0C /* Base */ = {isa = PBXFileReference; lastKnownFileType = file.storyboard; name = Base; path = Base.lproj/LaunchScreen.storyboard; sourceTree = "<group>"; };
		7654613A215DA9F3007A6F0C /* Info.plist */ = {isa = PBXFileReference; lastKnownFileType = text.plist.xml; path = Info.plist; sourceTree = "<group>"; };
		7654613F215DA9F3007A6F0C /* HNTests.xctest */ = {isa = PBXFileReference; explicitFileType = wrapper.cfbundle; includeInIndex = 0; path = HNTests.xctest; sourceTree = BUILT_PRODUCTS_DIR; };
		76546143215DA9F3007A6F0C /* HNTests.swift */ = {isa = PBXFileReference; lastKnownFileType = sourcecode.swift; path = HNTests.swift; sourceTree = "<group>"; };
		76546145215DA9F3007A6F0C /* Info.plist */ = {isa = PBXFileReference; lastKnownFileType = text.plist.xml; path = Info.plist; sourceTree = "<group>"; };
		76546151215DAB3B007A6F0C /* NewsViewModel.swift */ = {isa = PBXFileReference; lastKnownFileType = sourcecode.swift; path = NewsViewModel.swift; sourceTree = "<group>"; };
/* End PBXFileReference section */

/* Begin PBXFrameworksBuildPhase section */
		76546128215DA9F1007A6F0C /* Frameworks */ = {
			isa = PBXFrameworksBuildPhase;
			buildActionMask = 2147483647;
			files = (
			);
			runOnlyForDeploymentPostprocessing = 0;
		};
		7654613C215DA9F3007A6F0C /* Frameworks */ = {
			isa = PBXFrameworksBuildPhase;
			buildActionMask = 2147483647;
			files = (
			);
			runOnlyForDeploymentPostprocessing = 0;
		};
/* End PBXFrameworksBuildPhase section */

/* Begin PBXGroup section */
		76546122215DA9F1007A6F0C = {
			isa = PBXGroup;
			children = (
				7654612D215DA9F1007A6F0C /* HN */,
				76546142215DA9F3007A6F0C /* HNTests */,
				7654612C215DA9F1007A6F0C /* Products */,
			);
			sourceTree = "<group>";
		};
		7654612C215DA9F1007A6F0C /* Products */ = {
			isa = PBXGroup;
			children = (
				7654612B215DA9F1007A6F0C /* HN.app */,
				7654613F215DA9F3007A6F0C /* HNTests.xctest */,
			);
			name = Products;
			sourceTree = "<group>";
		};
		7654612D215DA9F1007A6F0C /* HN */ = {
			isa = PBXGroup;
			children = (
				7654614F215DAA72007A6F0C /* Resources */,
				7654614E215DAA51007A6F0C /* Sources */,
				7654612E215DA9F1007A6F0C /* AppDelegate.swift */,
				76546132215DA9F1007A6F0C /* Main.storyboard */,
				76546137215DA9F3007A6F0C /* LaunchScreen.storyboard */,
				7654613A215DA9F3007A6F0C /* Info.plist */,
			);
			path = HN;
			sourceTree = "<group>";
		};
		76546142215DA9F3007A6F0C /* HNTests */ = {
			isa = PBXGroup;
			children = (
				76546143215DA9F3007A6F0C /* HNTests.swift */,
				76546145215DA9F3007A6F0C /* Info.plist */,
			);
			path = HNTests;
			sourceTree = "<group>";
		};
		7654614E215DAA51007A6F0C /* Sources */ = {
			isa = PBXGroup;
			children = (
				76546150215DAA98007A6F0C /* News */,
			);
			name = Sources;
			sourceTree = "<group>";
		};
		7654614F215DAA72007A6F0C /* Resources */ = {
			isa = PBXGroup;
			children = (
				76546135215DA9F3007A6F0C /* Assets.xcassets */,
			);
			name = Resources;
			sourceTree = "<group>";
		};
		76546150215DAA98007A6F0C /* News */ = {
			isa = PBXGroup;
			children = (
				76546130215DA9F1007A6F0C /* News.swift */,
				76546151215DAB3B007A6F0C /* NewsViewModel.swift */,
			);
			name = News;
			sourceTree = "<group>";
		};
/* End PBXGroup section */

/* Begin PBXNativeTarget section */
		7654612A215DA9F1007A6F0C /* HN */ = {
			isa = PBXNativeTarget;
			buildConfigurationList = 76546148215DA9F3007A6F0C /* Build configuration list for PBXNativeTarget "HN" */;
			buildPhases = (
				76546127215DA9F1007A6F0C /* Sources */,
				76546128215DA9F1007A6F0C /* Frameworks */,
				76546129215DA9F1007A6F0C /* Resources */,
			);
			buildRules = (
			);
			dependencies = (
			);
			name = HN;
			productName = HN;
			productReference = 7654612B215DA9F1007A6F0C /* HN.app */;
			productType = "com.apple.product-type.application";
		};
		7654613E215DA9F3007A6F0C /* HNTests */ = {
			isa = PBXNativeTarget;
			buildConfigurationList = 7654614B215DA9F3007A6F0C /* Build configuration list for PBXNativeTarget "HNTests" */;
			buildPhases = (
				7654613B215DA9F3007A6F0C /* Sources */,
				7654613C215DA9F3007A6F0C /* Frameworks */,
				7654613D215DA9F3007A6F0C /* Resources */,
			);
			buildRules = (
			);
			dependencies = (
				76546141215DA9F3007A6F0C /* PBXTargetDependency */,
			);
			name = HNTests;
			productName = HNTests;
			productReference = 7654613F215DA9F3007A6F0C /* HNTests.xctest */;
			productType = "com.apple.product-type.bundle.unit-test";
		};
/* End PBXNativeTarget section */

/* Begin PBXProject section */
		76546123215DA9F1007A6F0C /* Project object */ = {
			isa = PBXProject;
			attributes = {
				LastSwiftUpdateCheck = 1000;
				LastUpgradeCheck = 1000;
				ORGANIZATIONNAME = Software;
				TargetAttributes = {
					7654612A215DA9F1007A6F0C = {
						CreatedOnToolsVersion = 10.0;
					};
					7654613E215DA9F3007A6F0C = {
						CreatedOnToolsVersion = 10.0;
						TestTargetID = 7654612A215DA9F1007A6F0C;
					};
				};
			};
			buildConfigurationList = 76546126215DA9F1007A6F0C /* Build configuration list for PBXProject "HN" */;
			compatibilityVersion = "Xcode 9.3";
			developmentRegion = en;
			hasScannedForEncodings = 0;
			knownRegions = (
				en,
				Base,
			);
			mainGroup = 76546122215DA9F1007A6F0C;
			productRefGroup = 7654612C215DA9F1007A6F0C /* Products */;
			projectDirPath = "";
			projectRoot = "";
			targets = (
				7654612A215DA9F1007A6F0C /* HN */,
				7654613E215DA9F3007A6F0C /* HNTests */,
			);
		};
/* End PBXProject section */

/* Begin PBXResourcesBuildPhase section */
		76546129215DA9F1007A6F0C /* Resources */ = {
			isa = PBXResourcesBuildPhase;
			buildActionMask = 2147483647;
			files = (
				76546139215DA9F3007A6F0C /* LaunchScreen.storyboard in Resources */,
				76546136215DA9F3007A6F0C /* Assets.xcassets in Resources */,
				76546134215DA9F1007A6F0C /* Main.storyboard in Resources */,
			);
			runOnlyForDeploymentPostprocessing = 0;
		};
		7654613D215DA9F3007A6F0C /* Resources */ = {
			isa = PBXResourcesBuildPhase;
			buildActionMask = 2147483647;
			files = (
			);
			runOnlyForDeploymentPostprocessing = 0;
		};
/* End PBXResourcesBuildPhase section */

/* Begin PBXSourcesBuildPhase section */
		76546127215DA9F1007A6F0C /* Sources */ = {
			isa = PBXSourcesBuildPhase;
			buildActionMask = 2147483647;
			files = (
				76546131215DA9F1007A6F0C /* News.swift in Sources */,
				76546152215DAB3B007A6F0C /* NewsViewModel.swift in Sources */,
				7654612F215DA9F1007A6F0C /* AppDelegate.swift in Sources */,
			);
			runOnlyForDeploymentPostprocessing = 0;
		};
		7654613B215DA9F3007A6F0C /* Sources */ = {
			isa = PBXSourcesBuildPhase;
			buildActionMask = 2147483647;
			files = (
				76546144215DA9F3007A6F0C /* HNTests.swift in Sources */,
			);
			runOnlyForDeploymentPostprocessing = 0;
		};
/* End PBXSourcesBuildPhase section */

/* Begin PBXTargetDependency section */
		76546141215DA9F3007A6F0C /* PBXTargetDependency */ = {
			isa = PBXTargetDependency;
			target = 7654612A215DA9F1007A6F0C /* HN */;
			targetProxy = 76546140215DA9F3007A6F0C /* PBXContainerItemProxy */;
		};
/* End PBXTargetDependency section */

/* Begin PBXVariantGroup section */
		76546132215DA9F1007A6F0C /* Main.storyboard */ = {
			isa = PBXVariantGroup;
			children = (
				76546133215DA9F1007A6F0C /* Base */,
			);
			name = Main.storyboard;
			sourceTree = "<group>";
		};
		76546137215DA9F3007A6F0C /* LaunchScreen.storyboard */ = {
			isa = PBXVariantGroup;
			children = (
				76546138215DA9F3007A6F0C /* Base */,
			);
			name = LaunchScreen.storyboard;
			sourceTree = "<group>";
		};
/* End PBXVariantGroup section */

/* Begin XCBuildConfiguration section */
		76546146215DA9F3007A6F0C /* Debug */ = {
			isa = XCBuildConfiguration;
			buildSettings = {
				ALWAYS_SEARCH_USER_PATHS = NO;
				CLANG_ANALYZER_NONNULL = YES;
				CLANG_ANALYZER_NUMBER_OBJECT_CONVERSION = YES_AGGRESSIVE;
				CLANG_CXX_LANGUAGE_STANDARD = "gnu++14";
				CLANG_CXX_LIBRARY = "libc++";
				CLANG_ENABLE_MODULES = YES;
				CLANG_ENABLE_OBJC_ARC = YES;
				CLANG_ENABLE_OBJC_WEAK = YES;
				CLANG_WARN_BLOCK_CAPTURE_AUTORELEASING = YES;
				CLANG_WARN_BOOL_CONVERSION = YES;
				CLANG_WARN_COMMA = YES;
				CLANG_WARN_CONSTANT_CONVERSION = YES;
				CLANG_WARN_DEPRECATED_OBJC_IMPLEMENTATIONS = YES;
				CLANG_WARN_DIRECT_OBJC_ISA_USAGE = YES_ERROR;
				CLANG_WARN_DOCUMENTATION_COMMENTS = YES;
				CLANG_WARN_EMPTY_BODY = YES;
				CLANG_WARN_ENUM_CONVERSION = YES;
				CLANG_WARN_INFINITE_RECURSION = YES;
				CLANG_WARN_INT_CONVERSION = YES;
				CLANG_WARN_NON_LITERAL_NULL_CONVERSION = YES;
				CLANG_WARN_OBJC_IMPLICIT_RETAIN_SELF = YES;
				CLANG_WARN_OBJC_LITERAL_CONVERSION = YES;
				CLANG_WARN_OBJC_ROOT_CLASS = YES_ERROR;
				CLANG_WARN_RANGE_LOOP_ANALYSIS = YES;
				CLANG_WARN_STRICT_PROTOTYPES = YES;
				CLANG_WARN_SUSPICIOUS_MOVE = YES;
				CLANG_WARN_UNGUARDED_AVAILABILITY = YES_AGGRESSIVE;
				CLANG_WARN_UNREACHABLE_CODE = YES;
				CLANG_WARN__DUPLICATE_METHOD_MATCH = YES;
				CODE_SIGN_IDENTITY = "iPhone Developer";
				COPY_PHASE_STRIP = NO;
				DEBUG_INFORMATION_FORMAT = dwarf;
				ENABLE_STRICT_OBJC_MSGSEND = YES;
				ENABLE_TESTABILITY = YES;
				GCC_C_LANGUAGE_STANDARD = gnu11;
				GCC_DYNAMIC_NO_PIC = NO;
				GCC_NO_COMMON_BLOCKS = YES;
				GCC_OPTIMIZATION_LEVEL = 0;
				GCC_PREPROCESSOR_DEFINITIONS = (
					"DEBUG=1",
					"$(inherited)",
				);
				GCC_WARN_64_TO_32_BIT_CONVERSION = YES;
				GCC_WARN_ABOUT_RETURN_TYPE = YES_ERROR;
				GCC_WARN_UNDECLARED_SELECTOR = YES;
				GCC_WARN_UNINITIALIZED_AUTOS = YES_AGGRESSIVE;
				GCC_WARN_UNUSED_FUNCTION = YES;
				GCC_WARN_UNUSED_VARIABLE = YES;
				IPHONEOS_DEPLOYMENT_TARGET = 12.0;
				MTL_ENABLE_DEBUG_INFO = INCLUDE_SOURCE;
				MTL_FAST_MATH = YES;
				ONLY_ACTIVE_ARCH = YES;
				SDKROOT = iphoneos;
				SWIFT_ACTIVE_COMPILATION_CONDITIONS = DEBUG;
				SWIFT_OPTIMIZATION_LEVEL = "-Onone";
			};
			name = Debug;
		};
		76546147215DA9F3007A6F0C /* Release */ = {
			isa = XCBuildConfiguration;
			buildSettings = {
				ALWAYS_SEARCH_USER_PATHS = NO;
				CLANG_ANALYZER_NONNULL = YES;
				CLANG_ANALYZER_NUMBER_OBJECT_CONVERSION = YES_AGGRESSIVE;
				CLANG_CXX_LANGUAGE_STANDARD = "gnu++14";
				CLANG_CXX_LIBRARY = "libc++";
				CLANG_ENABLE_MODULES = YES;
				CLANG_ENABLE_OBJC_ARC = YES;
				CLANG_ENABLE_OBJC_WEAK = YES;
				CLANG_WARN_BLOCK_CAPTURE_AUTORELEASING = YES;
				CLANG_WARN_BOOL_CONVERSION = YES;
				CLANG_WARN_COMMA = YES;
				CLANG_WARN_CONSTANT_CONVERSION = YES;
				CLANG_WARN_DEPRECATED_OBJC_IMPLEMENTATIONS = YES;
				CLANG_WARN_DIRECT_OBJC_ISA_USAGE = YES_ERROR;
				CLANG_WARN_DOCUMENTATION_COMMENTS = YES;
				CLANG_WARN_EMPTY_BODY = YES;
				CLANG_WARN_ENUM_CONVERSION = YES;
				CLANG_WARN_INFINITE_RECURSION = YES;
				CLANG_WARN_INT_CONVERSION = YES;
				CLANG_WARN_NON_LITERAL_NULL_CONVERSION = YES;
				CLANG_WARN_OBJC_IMPLICIT_RETAIN_SELF = YES;
				CLANG_WARN_OBJC_LITERAL_CONVERSION = YES;
				CLANG_WARN_OBJC_ROOT_CLASS = YES_ERROR;
				CLANG_WARN_RANGE_LOOP_ANALYSIS = YES;
				CLANG_WARN_STRICT_PROTOTYPES = YES;
				CLANG_WARN_SUSPICIOUS_MOVE = YES;
				CLANG_WARN_UNGUARDED_AVAILABILITY = YES_AGGRESSIVE;
				CLANG_WARN_UNREACHABLE_CODE = YES;
				CLANG_WARN__DUPLICATE_METHOD_MATCH = YES;
				CODE_SIGN_IDENTITY = "iPhone Developer";
				COPY_PHASE_STRIP = NO;
				DEBUG_INFORMATION_FORMAT = "dwarf-with-dsym";
				ENABLE_NS_ASSERTIONS = NO;
				ENABLE_STRICT_OBJC_MSGSEND = YES;
				GCC_C_LANGUAGE_STANDARD = gnu11;
				GCC_NO_COMMON_BLOCKS = YES;
				GCC_WARN_64_TO_32_BIT_CONVERSION = YES;
				GCC_WARN_ABOUT_RETURN_TYPE = YES_ERROR;
				GCC_WARN_UNDECLARED_SELECTOR = YES;
				GCC_WARN_UNINITIALIZED_AUTOS = YES_AGGRESSIVE;
				GCC_WARN_UNUSED_FUNCTION = YES;
				GCC_WARN_UNUSED_VARIABLE = YES;
				IPHONEOS_DEPLOYMENT_TARGET = 12.0;
				MTL_ENABLE_DEBUG_INFO = NO;
				MTL_FAST_MATH = YES;
				SDKROOT = iphoneos;
				SWIFT_COMPILATION_MODE = wholemodule;
				SWIFT_OPTIMIZATION_LEVEL = "-O";
				VALIDATE_PRODUCT = YES;
			};
			name = Release;
		};
		76546149215DA9F3007A6F0C /* Debug */ = {
			isa = XCBuildConfiguration;
			buildSettings = {
				ASSETCATALOG_COMPILER_APPICON_NAME = AppIcon;
				CODE_SIGN_STYLE = Automatic;
				INFOPLIST_FILE = HN/Info.plist;
				IPHONEOS_DEPLOYMENT_TARGET = 9.0;
				LD_RUNPATH_SEARCH_PATHS = (
					"$(inherited)",
					"@executable_path/Frameworks",
				);
				PRODUCT_BUNDLE_IDENTIFIER = com.software.HN;
				PRODUCT_NAME = "$(TARGET_NAME)";
				SWIFT_VERSION = 4.2;
				TARGETED_DEVICE_FAMILY = "1,2";
			};
			name = Debug;
		};
		7654614A215DA9F3007A6F0C /* Release */ = {
			isa = XCBuildConfiguration;
			buildSettings = {
				ASSETCATALOG_COMPILER_APPICON_NAME = AppIcon;
				CODE_SIGN_STYLE = Automatic;
				INFOPLIST_FILE = HN/Info.plist;
				IPHONEOS_DEPLOYMENT_TARGET = 9.0;
				LD_RUNPATH_SEARCH_PATHS = (
					"$(inherited)",
					"@executable_path/Frameworks",
				);
				PRODUCT_BUNDLE_IDENTIFIER = com.software.HN;
				PRODUCT_NAME = "$(TARGET_NAME)";
				SWIFT_VERSION = 4.2;
				TARGETED_DEVICE_FAMILY = "1,2";
			};
			name = Release;
		};
		7654614C215DA9F3007A6F0C /* Debug */ = {
			isa = XCBuildConfiguration;
			buildSettings = {
				ALWAYS_EMBED_SWIFT_STANDARD_LIBRARIES = YES;
				BUNDLE_LOADER = "$(TEST_HOST)";
				CODE_SIGN_STYLE = Automatic;
				INFOPLIST_FILE = HNTests/Info.plist;
				LD_RUNPATH_SEARCH_PATHS = (
					"$(inherited)",
					"@executable_path/Frameworks",
					"@loader_path/Frameworks",
				);
				PRODUCT_BUNDLE_IDENTIFIER = com.software.HNTests;
				PRODUCT_NAME = "$(TARGET_NAME)";
				SWIFT_VERSION = 4.2;
				TARGETED_DEVICE_FAMILY = "1,2";
				TEST_HOST = "$(BUILT_PRODUCTS_DIR)/HN.app/HN";
			};
			name = Debug;
		};
		7654614D215DA9F3007A6F0C /* Release */ = {
			isa = XCBuildConfiguration;
			buildSettings = {
				ALWAYS_EMBED_SWIFT_STANDARD_LIBRARIES = YES;
				BUNDLE_LOADER = "$(TEST_HOST)";
				CODE_SIGN_STYLE = Automatic;
				INFOPLIST_FILE = HNTests/Info.plist;
				LD_RUNPATH_SEARCH_PATHS = (
					"$(inherited)",
					"@executable_path/Frameworks",
					"@loader_path/Frameworks",
				);
				PRODUCT_BUNDLE_IDENTIFIER = com.software.HNTests;
				PRODUCT_NAME = "$(TARGET_NAME)";
				SWIFT_VERSION = 4.2;
				TARGETED_DEVICE_FAMILY = "1,2";
				TEST_HOST = "$(BUILT_PRODUCTS_DIR)/HN.app/HN";
			};
			name = Release;
		};
/* End XCBuildConfiguration section */

/* Begin XCConfigurationList section */
		76546126215DA9F1007A6F0C /* Build configuration list for PBXProject "HN" */ = {
			isa = XCConfigurationList;
			buildConfigurations = (
				76546146215DA9F3007A6F0C /* Debug */,
				76546147215DA9F3007A6F0C /* Release */,
			);
			defaultConfigurationIsVisible = 0;
			defaultConfigurationName = Release;
		};
		76546148215DA9F3007A6F0C /* Build configuration list for PBXNativeTarget "HN" */ = {
			isa = XCConfigurationList;
			buildConfigurations = (
				76546149215DA9F3007A6F0C /* Debug */,
				7654614A215DA9F3007A6F0C /* Release */,
			);
			defaultConfigurationIsVisible = 0;
			defaultConfigurationName = Release;
		};
		7654614B215DA9F3007A6F0C /* Build configuration list for PBXNativeTarget "HNTests" */ = {
			isa = XCConfigurationList;
			buildConfigurations = (
				7654614C215DA9F3007A6F0C /* Debug */,
				7654614D215DA9F3007A6F0C /* Release */,
			);
			defaultConfigurationIsVisible = 0;
			defaultConfigurationName = Release;
		};
/* End XCConfigurationList section */
	};
	rootObject = 76546123215DA9F1007A6F0C /* Project object */;
}
